
Microsoft Visual Studio Solution File, Format Version 12.00
Project("{FAE04EC0-301F-11D3-BF4B-00C04F79EFBC}") = "DRC.EventSourcing", "src\DRC.EventSourcing\DRC.EventSourcing.csproj", "{0A54588E-60CF-4977-A01F-5E631FC7C33B}"
EndProject
Project("{FAE04EC0-301F-11D3-BF4B-00C04F79EFBC}") = "DRC.EventSourcing.SqlServer", "src\DRC.EventSourcing.SqlServer\DRC.EventSourcing.SqlServer.csproj", "{386F5001-D540-419A-A922-B5C538001592}"
EndProject
Project("{FAE04EC0-301F-11D3-BF4B-00C04F79EFBC}") = "DRC.EventSourcing.Sqlite", "src\DRC.EventSourcing.Sqlite\DRC.EventSourcing.Sqlite.csproj", "{F818BC8F-9347-4EFE-94DB-B22D65CAFD2C}"
EndProject
Project("{FAE04EC0-301F-11D3-BF4B-00C04F79EFBC}") = "DRC.EventSourcing.Demo", "samples\DRC.EventSourcing.Demo\DRC.EventSourcing.Demo.csproj", "{1A5F852F-F6A1-4626-8400-13E851B7DCBC}"
EndProject
Project("{FAE04EC0-301F-11D3-BF4B-00C04F79EFBC}") = "DRC.EventSourcing.Tests", "test\DRC.EventSourcing.Tests\DRC.EventSourcing.Tests.csproj", "{4CA8C320-17FB-4B94-820C-A4570585FC96}"
EndProject
Project("{FAE04EC0-301F-11D3-BF4B-00C04F79EFBC}") = "DRC.EventSourcing.PostgreSQL", "src\DRC.EventSourcing.PostgreSQL\DRC.EventSourcing.PostgreSQL.csproj", "{208F4E0B-F126-4025-929B-3007D6361A3A}"
EndProject
Project("{2150E333-8FDC-42A3-9474-1A3956D46DE8}") = "Providers", "Providers", "{E7B4B830-8AD1-4277-BEB7-30D7C0816E78}"
EndProject
Project("{FAE04EC0-301F-11D3-BF4B-00C04F79EFBC}") = "DRC.EventSourcing.MySql", "src\DRC.EventSourcing.MySql\DRC.EventSourcing.MySql.csproj", "{11DB3478-2BA9-47C1-AEF3-78E7B5C1786D}"
EndProject
Global
	GlobalSection(SolutionConfigurationPlatforms) = preSolution
		Debug|Any CPU = Debug|Any CPU
		Debug|x64 = Debug|x64
		Debug|x86 = Debug|x86
		Release|Any CPU = Release|Any CPU
		Release|x64 = Release|x64
		Release|x86 = Release|x86
	EndGlobalSection
	GlobalSection(ProjectConfigurationPlatforms) = postSolution
		{0A54588E-60CF-4977-A01F-5E631FC7C33B}.Debug|Any CPU.ActiveCfg = Debug|Any CPU
		{0A54588E-60CF-4977-A01F-5E631FC7C33B}.Debug|Any CPU.Build.0 = Debug|Any CPU
		{0A54588E-60CF-4977-A01F-5E631FC7C33B}.Debug|x64.ActiveCfg = Debug|Any CPU
		{0A54588E-60CF-4977-A01F-5E631FC7C33B}.Debug|x64.Build.0 = Debug|Any CPU
		{0A54588E-60CF-4977-A01F-5E631FC7C33B}.Debug|x86.ActiveCfg = Debug|Any CPU
		{0A54588E-60CF-4977-A01F-5E631FC7C33B}.Debug|x86.Build.0 = Debug|Any CPU
		{0A54588E-60CF-4977-A01F-5E631FC7C33B}.Release|Any CPU.ActiveCfg = Release|Any CPU
		{0A54588E-60CF-4977-A01F-5E631FC7C33B}.Release|Any CPU.Build.0 = Release|Any CPU
		{0A54588E-60CF-4977-A01F-5E631FC7C33B}.Release|x64.ActiveCfg = Release|Any CPU
		{0A54588E-60CF-4977-A01F-5E631FC7C33B}.Release|x64.Build.0 = Release|Any CPU
		{0A54588E-60CF-4977-A01F-5E631FC7C33B}.Release|x86.ActiveCfg = Release|Any CPU
		{0A54588E-60CF-4977-A01F-5E631FC7C33B}.Release|x86.Build.0 = Release|Any CPU
		{386F5001-D540-419A-A922-B5C538001592}.Debug|Any CPU.ActiveCfg = Debug|Any CPU
		{386F5001-D540-419A-A922-B5C538001592}.Debug|Any CPU.Build.0 = Debug|Any CPU
		{386F5001-D540-419A-A922-B5C538001592}.Debug|x64.ActiveCfg = Debug|Any CPU
		{386F5001-D540-419A-A922-B5C538001592}.Debug|x64.Build.0 = Debug|Any CPU
		{386F5001-D540-419A-A922-B5C538001592}.Debug|x86.ActiveCfg = Debug|Any CPU
		{386F5001-D540-419A-A922-B5C538001592}.Debug|x86.Build.0 = Debug|Any CPU
		{386F5001-D540-419A-A922-B5C538001592}.Release|Any CPU.ActiveCfg = Release|Any CPU
		{386F5001-D540-419A-A922-B5C538001592}.Release|Any CPU.Build.0 = Release|Any CPU
		{386F5001-D540-419A-A922-B5C538001592}.Release|x64.ActiveCfg = Release|Any CPU
		{386F5001-D540-419A-A922-B5C538001592}.Release|x64.Build.0 = Release|Any CPU
		{386F5001-D540-419A-A922-B5C538001592}.Release|x86.ActiveCfg = Release|Any CPU
		{386F5001-D540-419A-A922-B5C538001592}.Release|x86.Build.0 = Release|Any CPU
		{F818BC8F-9347-4EFE-94DB-B22D65CAFD2C}.Debug|Any CPU.ActiveCfg = Debug|Any CPU
		{F818BC8F-9347-4EFE-94DB-B22D65CAFD2C}.Debug|Any CPU.Build.0 = Debug|Any CPU
		{F818BC8F-9347-4EFE-94DB-B22D65CAFD2C}.Debug|x64.ActiveCfg = Debug|Any CPU
		{F818BC8F-9347-4EFE-94DB-B22D65CAFD2C}.Debug|x64.Build.0 = Debug|Any CPU
		{F818BC8F-9347-4EFE-94DB-B22D65CAFD2C}.Debug|x86.ActiveCfg = Debug|Any CPU
		{F818BC8F-9347-4EFE-94DB-B22D65CAFD2C}.Debug|x86.Build.0 = Debug|Any CPU
		{F818BC8F-9347-4EFE-94DB-B22D65CAFD2C}.Release|Any CPU.ActiveCfg = Release|Any CPU
		{F818BC8F-9347-4EFE-94DB-B22D65CAFD2C}.Release|Any CPU.Build.0 = Release|Any CPU
		{F818BC8F-9347-4EFE-94DB-B22D65CAFD2C}.Release|x64.ActiveCfg = Release|Any CPU
		{F818BC8F-9347-4EFE-94DB-B22D65CAFD2C}.Release|x64.Build.0 = Release|Any CPU
		{F818BC8F-9347-4EFE-94DB-B22D65CAFD2C}.Release|x86.ActiveCfg = Release|Any CPU
		{F818BC8F-9347-4EFE-94DB-B22D65CAFD2C}.Release|x86.Build.0 = Release|Any CPU
		{1A5F852F-F6A1-4626-8400-13E851B7DCBC}.Debug|Any CPU.ActiveCfg = Debug|Any CPU
		{1A5F852F-F6A1-4626-8400-13E851B7DCBC}.Debug|Any CPU.Build.0 = Debug|Any CPU
		{1A5F852F-F6A1-4626-8400-13E851B7DCBC}.Debug|x64.ActiveCfg = Debug|Any CPU
		{1A5F852F-F6A1-4626-8400-13E851B7DCBC}.Debug|x64.Build.0 = Debug|Any CPU
		{1A5F852F-F6A1-4626-8400-13E851B7DCBC}.Debug|x86.ActiveCfg = Debug|Any CPU
		{1A5F852F-F6A1-4626-8400-13E851B7DCBC}.Debug|x86.Build.0 = Debug|Any CPU
		{1A5F852F-F6A1-4626-8400-13E851B7DCBC}.Release|Any CPU.ActiveCfg = Release|Any CPU
		{1A5F852F-F6A1-4626-8400-13E851B7DCBC}.Release|Any CPU.Build.0 = Release|Any CPU
		{1A5F852F-F6A1-4626-8400-13E851B7DCBC}.Release|x64.ActiveCfg = Release|Any CPU
		{1A5F852F-F6A1-4626-8400-13E851B7DCBC}.Release|x64.Build.0 = Release|Any CPU
		{1A5F852F-F6A1-4626-8400-13E851B7DCBC}.Release|x86.ActiveCfg = Release|Any CPU
		{1A5F852F-F6A1-4626-8400-13E851B7DCBC}.Release|x86.Build.0 = Release|Any CPU
		{4CA8C320-17FB-4B94-820C-A4570585FC96}.Debug|Any CPU.ActiveCfg = Debug|Any CPU
		{4CA8C320-17FB-4B94-820C-A4570585FC96}.Debug|Any CPU.Build.0 = Debug|Any CPU
		{4CA8C320-17FB-4B94-820C-A4570585FC96}.Debug|x64.ActiveCfg = Debug|Any CPU
		{4CA8C320-17FB-4B94-820C-A4570585FC96}.Debug|x64.Build.0 = Debug|Any CPU
		{4CA8C320-17FB-4B94-820C-A4570585FC96}.Debug|x86.ActiveCfg = Debug|Any CPU
		{4CA8C320-17FB-4B94-820C-A4570585FC96}.Debug|x86.Build.0 = Debug|Any CPU
		{4CA8C320-17FB-4B94-820C-A4570585FC96}.Release|Any CPU.ActiveCfg = Release|Any CPU
		{4CA8C320-17FB-4B94-820C-A4570585FC96}.Release|Any CPU.Build.0 = Release|Any CPU
		{4CA8C320-17FB-4B94-820C-A4570585FC96}.Release|x64.ActiveCfg = Release|Any CPU
		{4CA8C320-17FB-4B94-820C-A4570585FC96}.Release|x64.Build.0 = Release|Any CPU
		{4CA8C320-17FB-4B94-820C-A4570585FC96}.Release|x86.ActiveCfg = Release|Any CPU
		{4CA8C320-17FB-4B94-820C-A4570585FC96}.Release|x86.Build.0 = Release|Any CPU
		{208F4E0B-F126-4025-929B-3007D6361A3A}.Debug|Any CPU.ActiveCfg = Debug|Any CPU
		{208F4E0B-F126-4025-929B-3007D6361A3A}.Debug|Any CPU.Build.0 = Debug|Any CPU
		{208F4E0B-F126-4025-929B-3007D6361A3A}.Debug|x64.ActiveCfg = Debug|Any CPU
		{208F4E0B-F126-4025-929B-3007D6361A3A}.Debug|x64.Build.0 = Debug|Any CPU
		{208F4E0B-F126-4025-929B-3007D6361A3A}.Debug|x86.ActiveCfg = Debug|Any CPU
		{208F4E0B-F126-4025-929B-3007D6361A3A}.Debug|x86.Build.0 = Debug|Any CPU
		{208F4E0B-F126-4025-929B-3007D6361A3A}.Release|Any CPU.ActiveCfg = Release|Any CPU
		{208F4E0B-F126-4025-929B-3007D6361A3A}.Release|Any CPU.Build.0 = Release|Any CPU
		{208F4E0B-F126-4025-929B-3007D6361A3A}.Release|x64.ActiveCfg = Release|Any CPU
		{208F4E0B-F126-4025-929B-3007D6361A3A}.Release|x64.Build.0 = Release|Any CPU
		{208F4E0B-F126-4025-929B-3007D6361A3A}.Release|x86.ActiveCfg = Release|Any CPU
		{208F4E0B-F126-4025-929B-3007D6361A3A}.Release|x86.Build.0 = Release|Any CPU
		{11DB3478-2BA9-47C1-AEF3-78E7B5C1786D}.Debug|Any CPU.ActiveCfg = Debug|Any CPU
		{11DB3478-2BA9-47C1-AEF3-78E7B5C1786D}.Debug|Any CPU.Build.0 = Debug|Any CPU
		{11DB3478-2BA9-47C1-AEF3-78E7B5C1786D}.Debug|x64.ActiveCfg = Debug|Any CPU
		{11DB3478-2BA9-47C1-AEF3-78E7B5C1786D}.Debug|x64.Build.0 = Debug|Any CPU
		{11DB3478-2BA9-47C1-AEF3-78E7B5C1786D}.Debug|x86.ActiveCfg = Debug|Any CPU
		{11DB3478-2BA9-47C1-AEF3-78E7B5C1786D}.Debug|x86.Build.0 = Debug|Any CPU
		{11DB3478-2BA9-47C1-AEF3-78E7B5C1786D}.Release|Any CPU.ActiveCfg = Release|Any CPU
		{11DB3478-2BA9-47C1-AEF3-78E7B5C1786D}.Release|Any CPU.Build.0 = Release|Any CPU
		{11DB3478-2BA9-47C1-AEF3-78E7B5C1786D}.Release|x64.ActiveCfg = Release|Any CPU
		{11DB3478-2BA9-47C1-AEF3-78E7B5C1786D}.Release|x64.Build.0 = Release|Any CPU
		{11DB3478-2BA9-47C1-AEF3-78E7B5C1786D}.Release|x86.ActiveCfg = Release|Any CPU
		{11DB3478-2BA9-47C1-AEF3-78E7B5C1786D}.Release|x86.Build.0 = Release|Any CPU
	EndGlobalSection
	GlobalSection(SolutionProperties) = preSolution
		HideSolutionNode = FALSE
	EndGlobalSection
	GlobalSection(NestedProjects) = preSolution
		{386F5001-D540-419A-A922-B5C538001592} = {E7B4B830-8AD1-4277-BEB7-30D7C0816E78}
		{F818BC8F-9347-4EFE-94DB-B22D65CAFD2C} = {E7B4B830-8AD1-4277-BEB7-30D7C0816E78}
		{208F4E0B-F126-4025-929B-3007D6361A3A} = {E7B4B830-8AD1-4277-BEB7-30D7C0816E78}
		{11DB3478-2BA9-47C1-AEF3-78E7B5C1786D} = {E7B4B830-8AD1-4277-BEB7-30D7C0816E78}
	EndGlobalSection
EndGlobal
